{
  "nodes": {
    "nixpkgs": {
      "locked": {
        "lastModified": 1762571399,
        "narHash": "sha256-ct/aIbP2ZXAr6lbS6d6buTJH+my6gCHUNUD3jYiRUwY=",
        "owner": "NixOS",
        "repo": "nixpkgs",
        "rev": "b665e98e4cb439b95f8faee197c76c6578197e55",
        "type": "github"
      },
      "original": {
        "owner": "NixOS",
        "ref": "nixos-unstable",
        "repo": "nixpkgs",
        "type": "github"
      }
    },
    "root": {
      "inputs": {
        "nixpkgs": "nixpkgs"
      }
    }
  },
  "root": "root",
  "version": 7
}
